<?xml version="1.0" encoding="UTF-8"?>
<Solution>
	<Configurations>
		<BuildType Name="Debug"/>
		<BuildType Name="Release"/>
		<BuildType Name="MinSizeRel"/>
		<BuildType Name="RelWithDebInfo"/>
		<Platform Name="x64"/>
	</Configurations>
	<Project Path="ALL_BUILD.vcxproj" Type="8bc9ceb8-8b4a-11d0-8d11-00a0c91bc942" Id="bbd403b3-fc30-3fd1-9c48-874127fe7152" DefaultStartup="true">
		<BuildDependency Project="ZERO_CHECK.vcxproj"/>
		<BuildDependency Project="nova.vcxproj"/>
		<BuildDependency Project="tools/nova_cli.vcxproj"/>
		<BuildDependency Project="test/nova_mnist_test.vcxproj"/>
		<BuildDependency Project="test/nova_test.vcxproj"/>
	</Project>
	<Project Path="INSTALL.vcxproj" Type="8bc9ceb8-8b4a-11d0-8d11-00a0c91bc942" Id="b3b1e5a9-7a6c-34e2-a122-31e4a3959e74">
		<BuildDependency Project="ALL_BUILD.vcxproj"/>
		<BuildDependency Project="ZERO_CHECK.vcxproj"/>
		<Build Solution="Debug|*" Project="false"/>
		<Build Solution="Release|*" Project="false"/>
		<Build Solution="MinSizeRel|*" Project="false"/>
		<Build Solution="RelWithDebInfo|*" Project="false"/>
	</Project>
	<Project Path="RUN_TESTS.vcxproj" Type="8bc9ceb8-8b4a-11d0-8d11-00a0c91bc942" Id="90d5dd22-22af-3852-a85b-47a0eaeb4ff3">
		<BuildDependency Project="ZERO_CHECK.vcxproj"/>
		<Build Solution="Debug|*" Project="false"/>
		<Build Solution="Release|*" Project="false"/>
		<Build Solution="MinSizeRel|*" Project="false"/>
		<Build Solution="RelWithDebInfo|*" Project="false"/>
	</Project>
	<Project Path="ZERO_CHECK.vcxproj" Type="8bc9ceb8-8b4a-11d0-8d11-00a0c91bc942" Id="d75837ee-f96e-38cd-b323-5bddcccb1ced"/>
	<Project Path="nova.vcxproj" Type="8bc9ceb8-8b4a-11d0-8d11-00a0c91bc942" Id="bc898726-2c84-3aae-aa0c-e2b9c65d38a1">
		<BuildDependency Project="ZERO_CHECK.vcxproj"/>
	</Project>
	<Project Path="tools/nova_cli.vcxproj" Type="8bc9ceb8-8b4a-11d0-8d11-00a0c91bc942" Id="d20e7cd7-db09-3754-a0e4-c56fea9c1b07">
		<BuildDependency Project="ZERO_CHECK.vcxproj"/>
		<BuildDependency Project="nova.vcxproj"/>
	</Project>
	<Project Path="test/nova_mnist_test.vcxproj" Type="8bc9ceb8-8b4a-11d0-8d11-00a0c91bc942" Id="84f3d24e-c533-3de4-8350-0dc0b9dd457c">
		<BuildDependency Project="ZERO_CHECK.vcxproj"/>
		<BuildDependency Project="nova.vcxproj"/>
	</Project>
	<Project Path="test/nova_test.vcxproj" Type="8bc9ceb8-8b4a-11d0-8d11-00a0c91bc942" Id="5bb2a1f4-d32f-36d3-a116-1c8aa59659f6">
		<BuildDependency Project="ZERO_CHECK.vcxproj"/>
		<BuildDependency Project="nova.vcxproj"/>
	</Project>
	<Project Path="test/run_test.vcxproj" Type="8bc9ceb8-8b4a-11d0-8d11-00a0c91bc942" Id="cd6cea15-9071-3f67-bc67-67f1dc04a109">
		<BuildDependency Project="ZERO_CHECK.vcxproj"/>
		<BuildDependency Project="test/nova_mnist_test.vcxproj"/>
		<BuildDependency Project="test/nova_test.vcxproj"/>
		<Build Solution="Debug|*" Project="false"/>
		<Build Solution="Release|*" Project="false"/>
		<Build Solution="MinSizeRel|*" Project="false"/>
		<Build Solution="RelWithDebInfo|*" Project="false"/>
	</Project>
</Solution>
