<?xml version="1.0" encoding="utf-8"?>
<Project ToolsVersion="18.0" xmlns="http://schemas.microsoft.com/developer/msbuild/2003">
  <ItemGroup>
    <CustomBuild Include="C:\Users\imran\OneDrive\Documents\NovaFlow\cmake\CMakeFiles\6a1397dcee0352b3736301580bee2907\RUN_TESTS_force.rule">
      <Filter>CMake Rules</Filter>
    </CustomBuild>
  </ItemGroup>
  <ItemGroup>
    <Filter Include="CMake Rules">
      <UniqueIdentifier>{EBDE122B-8864-38FE-A348-A6455124CCF4}</UniqueIdentifier>
    </Filter>
  </ItemGroup>
</Project>
